// !$*UTF8*$!
{
	archiveVersion = 1;
	classes = {
	};
	objectVersion = 50;
	objects = {

/* Begin PBXBuildFile section */
		1F2C748D00EDCB1A470B6DE6 /* libPods-IosComponentDemo.a in Frameworks */ = {isa = PBXBuildFile; fileRef = F74A66DF4AFE76551E439C35 /* libPods-IosComponentDemo.a */; };
		4C4C79442272B55100160BE7 /* AppDelegate.m in Sources */ = {isa = PBXBuildFile; fileRef = 4C4C79432272B55100160BE7 /* AppDelegate.m */; };
		4C4C79472272B55100160BE7 /* ViewController.m in Sources */ = {isa = PBXBuildFile; fileRef = 4C4C79462272B55100160BE7 /* ViewController.m */; };
		4C4C794A2272B55100160BE7 /* Main.storyboard in Resources */ = {isa = PBXBuildFile; fileRef = 4C4C79482272B55100160BE7 /* Main.storyboard */; };
		4C4C794C2272B55300160BE7 /* Assets.xcassets in Resources */ = {isa = PBXBuildFile; fileRef = 4C4C794B2272B55300160BE7 /* Assets.xcassets */; };
		4C4C794F2272B55300160BE7 /* LaunchScreen.storyboard in Resources */ = {isa = PBXBuildFile; fileRef = 4C4C794D2272B55300160BE7 /* LaunchScreen.storyboard */; };
		4C4C79522272B55300160BE7 /* main.m in Sources */ = {isa = PBXBuildFile; fileRef = 4C4C79512272B55300160BE7 /* main.m */; };
		4C4C795C2272B55300160BE7 /* IosComponentDemoTests.m in Sources */ = {isa = PBXBuildFile; fileRef = 4C4C795B2272B55300160BE7 /* IosComponentDemoTests.m */; };
		4C4C79672272B55300160BE7 /* IosComponentDemoUITests.m in Sources */ = {isa = PBXBuildFile; fileRef = 4C4C79662272B55300160BE7 /* IosComponentDemoUITests.m */; };
		4C4C79772272CAAD00160BE7 /* HQNetworking.m in Sources */ = {isa = PBXBuildFile; fileRef = 4C4C79762272CAAD00160BE7 /* HQNetworking.m */; };
		65F99B8DC6134980F7D66313 /* libPods-IosComponentDemoTests.a in Frameworks */ = {isa = PBXBuildFile; fileRef = 637FB2635B53DFE17BC24E56 /* libPods-IosComponentDemoTests.a */; };
		BA51235CF8288EE8517D8D0D /* libPods-IosComponentDemoUITests.a in Frameworks */ = {isa = PBXBuildFile; fileRef = EA88CB0DF3FE8AAD0CDBC6CB /* libPods-IosComponentDemoUITests.a */; };
/* End PBXBuildFile section */

/* Begin PBXContainerItemProxy section */
		4C4C79582272B55300160BE7 /* PBXContainerItemProxy */ = {
			isa = PBXContainerItemProxy;
			containerPortal = 4C4C79372272B55100160BE7 /* Project object */;
			proxyType = 1;
			remoteGlobalIDString = 4C4C793E2272B55100160BE7;
			remoteInfo = IosComponentDemo;
		};
		4C4C79632272B55300160BE7 /* PBXContainerItemProxy */ = {
			isa = PBXContainerItemProxy;
			containerPortal = 4C4C79372272B55100160BE7 /* Project object */;
			proxyType = 1;
			remoteGlobalIDString = 4C4C793E2272B55100160BE7;
			remoteInfo = IosComponentDemo;
		};
/* End PBXContainerItemProxy section */

/* Begin PBXFileReference section */
		142F71FE274EBB7B7EE1DE25 /* Pods-IosComponentDemoUITests.debug.xcconfig */ = {isa = PBXFileReference; includeInIndex = 1; lastKnownFileType = text.xcconfig; name = "Pods-IosComponentDemoUITests.debug.xcconfig"; path = "Target Support Files/Pods-IosComponentDemoUITests/Pods-IosComponentDemoUITests.debug.xcconfig"; sourceTree = "<group>"; };
		382B19CD35796F2CA4F5AD90 /* Pods-IosComponentDemo.release.xcconfig */ = {isa = PBXFileReference; includeInIndex = 1; lastKnownFileType = text.xcconfig; name = "Pods-IosComponentDemo.release.xcconfig"; path = "Target Support Files/Pods-IosComponentDemo/Pods-IosComponentDemo.release.xcconfig"; sourceTree = "<group>"; };
		4C4C793F2272B55100160BE7 /* IosComponentDemo.app */ = {isa = PBXFileReference; explicitFileType = wrapper.application; includeInIndex = 0; path = IosComponentDemo.app; sourceTree = BUILT_PRODUCTS_DIR; };
		4C4C79422272B55100160BE7 /* AppDelegate.h */ = {isa = PBXFileReference; lastKnownFileType = sourcecode.c.h; path = AppDelegate.h; sourceTree = "<group>"; };
		4C4C79432272B55100160BE7 /* AppDelegate.m */ = {isa = PBXFileReference; lastKnownFileType = sourcecode.c.objc; path = AppDelegate.m; sourceTree = "<group>"; };
		4C4C79452272B55100160BE7 /* ViewController.h */ = {isa = PBXFileReference; lastKnownFileType = sourcecode.c.h; path = ViewController.h; sourceTree = "<group>"; };
		4C4C79462272B55100160BE7 /* ViewController.m */ = {isa = PBXFileReference; lastKnownFileType = sourcecode.c.objc; path = ViewController.m; sourceTree = "<group>"; };
		4C4C79492272B55100160BE7 /* Base */ = {isa = PBXFileReference; lastKnownFileType = file.storyboard; name = Base; path = Base.lproj/Main.storyboard; sourceTree = "<group>"; };
		4C4C794B2272B55300160BE7 /* Assets.xcassets */ = {isa = PBXFileReference; lastKnownFileType = folder.assetcatalog; path = Assets.xcassets; sourceTree = "<group>"; };
		4C4C794E2272B55300160BE7 /* Base */ = {isa = PBXFileReference; lastKnownFileType = file.storyboard; name = Base; path = Base.lproj/LaunchScreen.storyboard; sourceTree = "<group>"; };
		4C4C79502272B55300160BE7 /* Info.plist */ = {isa = PBXFileReference; lastKnownFileType = text.plist.xml; path = Info.plist; sourceTree = "<group>"; };
		4C4C79512272B55300160BE7 /* main.m */ = {isa = PBXFileReference; lastKnownFileType = sourcecode.c.objc; path = main.m; sourceTree = "<group>"; };
		4C4C79572272B55300160BE7 /* IosComponentDemoTests.xctest */ = {isa = PBXFileReference; explicitFileType = wrapper.cfbundle; includeInIndex = 0; path = IosComponentDemoTests.xctest; sourceTree = BUILT_PRODUCTS_DIR; };
		4C4C795B2272B55300160BE7 /* IosComponentDemoTests.m */ = {isa = PBXFileReference; lastKnownFileType = sourcecode.c.objc; path = IosComponentDemoTests.m; sourceTree = "<group>"; };
		4C4C795D2272B55300160BE7 /* Info.plist */ = {isa = PBXFileReference; lastKnownFileType = text.plist.xml; path = Info.plist; sourceTree = "<group>"; };
		4C4C79622272B55300160BE7 /* IosComponentDemoUITests.xctest */ = {isa = PBXFileReference; explicitFileType = wrapper.cfbundle; includeInIndex = 0; path = IosComponentDemoUITests.xctest; sourceTree = BUILT_PRODUCTS_DIR; };
		4C4C79662272B55300160BE7 /* IosComponentDemoUITests.m */ = {isa = PBXFileReference; lastKnownFileType = sourcecode.c.objc; path = IosComponentDemoUITests.m; sourceTree = "<group>"; };
		4C4C79682272B55300160BE7 /* Info.plist */ = {isa = PBXFileReference; lastKnownFileType = text.plist.xml; path = Info.plist; sourceTree = "<group>"; };
		4C4C79752272CAAC00160BE7 /* HQNetworking.h */ = {isa = PBXFileReference; fileEncoding = 4; lastKnownFileType = sourcecode.c.h; path = HQNetworking.h; sourceTree = "<group>"; };
		4C4C79762272CAAD00160BE7 /* HQNetworking.m */ = {isa = PBXFileReference; fileEncoding = 4; lastKnownFileType = sourcecode.c.objc; path = HQNetworking.m; sourceTree = "<group>"; };
		637FB2635B53DFE17BC24E56 /* libPods-IosComponentDemoTests.a */ = {isa = PBXFileReference; explicitFileType = archive.ar; includeInIndex = 0; path = "libPods-IosComponentDemoTests.a"; sourceTree = BUILT_PRODUCTS_DIR; };
		7156E1028B3A9BF02596CC93 /* Pods-IosComponentDemoUITests.release.xcconfig */ = {isa = PBXFileReference; includeInIndex = 1; lastKnownFileType = text.xcconfig; name = "Pods-IosComponentDemoUITests.release.xcconfig"; path = "Target Support Files/Pods-IosComponentDemoUITests/Pods-IosComponentDemoUITests.release.xcconfig"; sourceTree = "<group>"; };
		73B1E925B843DB3B5BEA551C /* Pods-IosComponentDemoTests.release.xcconfig */ = {isa = PBXFileReference; includeInIndex = 1; lastKnownFileType = text.xcconfig; name = "Pods-IosComponentDemoTests.release.xcconfig"; path = "Target Support Files/Pods-IosComponentDemoTests/Pods-IosComponentDemoTests.release.xcconfig"; sourceTree = "<group>"; };
		D2CF79FBA284EBA1D6CCFD2B /* Pods-IosComponentDemo.debug.xcconfig */ = {isa = PBXFileReference; includeInIndex = 1; lastKnownFileType = text.xcconfig; name = "Pods-IosComponentDemo.debug.xcconfig"; path = "Target Support Files/Pods-IosComponentDemo/Pods-IosComponentDemo.debug.xcconfig"; sourceTree = "<group>"; };
		EA88CB0DF3FE8AAD0CDBC6CB /* libPods-IosComponentDemoUITests.a */ = {isa = PBXFileReference; explicitFileType = archive.ar; includeInIndex = 0; path = "libPods-IosComponentDemoUITests.a"; sourceTree = BUILT_PRODUCTS_DIR; };
		F390E0BA5F4A358EA25396F2 /* Pods-IosComponentDemoTests.debug.xcconfig */ = {isa = PBXFileReference; includeInIndex = 1; lastKnownFileType = text.xcconfig; name = "Pods-IosComponentDemoTests.debug.xcconfig"; path = "Target Support Files/Pods-IosComponentDemoTests/Pods-IosComponentDemoTests.debug.xcconfig"; sourceTree = "<group>"; };
		F74A66DF4AFE76551E439C35 /* libPods-IosComponentDemo.a */ = {isa = PBXFileReference; explicitFileType = archive.ar; includeInIndex = 0; path = "libPods-IosComponentDemo.a"; sourceTree = BUILT_PRODUCTS_DIR; };
/* End PBXFileReference section */

/* Begin PBXFrameworksBuildPhase section */
		4C4C793C2272B55100160BE7 /* Frameworks */ = {
			isa = PBXFrameworksBuildPhase;
			buildActionMask = 2147483647;
			files = (
				1F2C748D00EDCB1A470B6DE6 /* libPods-IosComponentDemo.a in Frameworks */,
			);
			runOnlyForDeploymentPostprocessing = 0;
		};
		4C4C79542272B55300160BE7 /* Frameworks */ = {
			isa = PBXFrameworksBuildPhase;
			buildActionMask = 2147483647;
			files = (
				65F99B8DC6134980F7D66313 /* libPods-IosComponentDemoTests.a in Frameworks */,
			);
			runOnlyForDeploymentPostprocessing = 0;
		};
		4C4C795F2272B55300160BE7 /* Frameworks */ = {
			isa = PBXFrameworksBuildPhase;
			buildActionMask = 2147483647;
			files = (
				BA51235CF8288EE8517D8D0D /* libPods-IosComponentDemoUITests.a in Frameworks */,
			);
			runOnlyForDeploymentPostprocessing = 0;
		};
/* End PBXFrameworksBuildPhase section */

/* Begin PBXGroup section */
		4C4C79362272B55100160BE7 = {
			isa = PBXGroup;
			children = (
				4C4C79412272B55100160BE7 /* IosComponentDemo */,
				4C4C795A2272B55300160BE7 /* IosComponentDemoTests */,
				4C4C79652272B55300160BE7 /* IosComponentDemoUITests */,
				4C4C79402272B55100160BE7 /* Products */,
				C693E91C723D3CDA1E139C5F /* Pods */,
				9D7E8F9420C26F2159EDB93A /* Frameworks */,
			);
			sourceTree = "<group>";
		};
		4C4C79402272B55100160BE7 /* Products */ = {
			isa = PBXGroup;
			children = (
				4C4C793F2272B55100160BE7 /* IosComponentDemo.app */,
				4C4C79572272B55300160BE7 /* IosComponentDemoTests.xctest */,
				4C4C79622272B55300160BE7 /* IosComponentDemoUITests.xctest */,
			);
			name = Products;
			sourceTree = "<group>";
		};
		4C4C79412272B55100160BE7 /* IosComponentDemo */ = {
			isa = PBXGroup;
			children = (
				4C4C79422272B55100160BE7 /* AppDelegate.h */,
				4C4C79432272B55100160BE7 /* AppDelegate.m */,
				4C4C79452272B55100160BE7 /* ViewController.h */,
				4C4C79462272B55100160BE7 /* ViewController.m */,
				4C4C79482272B55100160BE7 /* Main.storyboard */,
				4C4C794B2272B55300160BE7 /* Assets.xcassets */,
				4C4C794D2272B55300160BE7 /* LaunchScreen.storyboard */,
				4C4C79502272B55300160BE7 /* Info.plist */,
				4C4C79512272B55300160BE7 /* main.m */,
				4C4C79742272CA4100160BE7 /* Network */,
			);
			path = IosComponentDemo;
			sourceTree = "<group>";
		};
		4C4C795A2272B55300160BE7 /* IosComponentDemoTests */ = {
			isa = PBXGroup;
			children = (
				4C4C795B2272B55300160BE7 /* IosComponentDemoTests.m */,
				4C4C795D2272B55300160BE7 /* Info.plist */,
			);
			path = IosComponentDemoTests;
			sourceTree = "<group>";
		};
		4C4C79652272B55300160BE7 /* IosComponentDemoUITests */ = {
			isa = PBXGroup;
			children = (
				4C4C79662272B55300160BE7 /* IosComponentDemoUITests.m */,
				4C4C79682272B55300160BE7 /* Info.plist */,
			);
			path = IosComponentDemoUITests;
			sourceTree = "<group>";
		};
		4C4C79742272CA4100160BE7 /* Network */ = {
			isa = PBXGroup;
			children = (
				4C4C79752272CAAC00160BE7 /* HQNetworking.h */,
				4C4C79762272CAAD00160BE7 /* HQNetworking.m */,
			);
			path = Network;
			sourceTree = "<group>";
		};
		9D7E8F9420C26F2159EDB93A /* Frameworks */ = {
			isa = PBXGroup;
			children = (
				F74A66DF4AFE76551E439C35 /* libPods-IosComponentDemo.a */,
				637FB2635B53DFE17BC24E56 /* libPods-IosComponentDemoTests.a */,
				EA88CB0DF3FE8AAD0CDBC6CB /* libPods-IosComponentDemoUITests.a */,
			);
			name = Frameworks;
			sourceTree = "<group>";
		};
		C693E91C723D3CDA1E139C5F /* Pods */ = {
			isa = PBXGroup;
			children = (
				D2CF79FBA284EBA1D6CCFD2B /* Pods-IosComponentDemo.debug.xcconfig */,
				382B19CD35796F2CA4F5AD90 /* Pods-IosComponentDemo.release.xcconfig */,
				F390E0BA5F4A358EA25396F2 /* Pods-IosComponentDemoTests.debug.xcconfig */,
				73B1E925B843DB3B5BEA551C /* Pods-IosComponentDemoTests.release.xcconfig */,
				142F71FE274EBB7B7EE1DE25 /* Pods-IosComponentDemoUITests.debug.xcconfig */,
				7156E1028B3A9BF02596CC93 /* Pods-IosComponentDemoUITests.release.xcconfig */,
			);
			path = Pods;
			sourceTree = "<group>";
		};
/* End PBXGroup section */

/* Begin PBXNativeTarget section */
		4C4C793E2272B55100160BE7 /* IosComponentDemo */ = {
			isa = PBXNativeTarget;
			buildConfigurationList = 4C4C796B2272B55300160BE7 /* Build configuration list for PBXNativeTarget "IosComponentDemo" */;
			buildPhases = (
				6F8C7465A39973E72E3B0EE4 /* [CP] Check Pods Manifest.lock */,
				4C4C793B2272B55100160BE7 /* Sources */,
				4C4C793C2272B55100160BE7 /* Frameworks */,
				4C4C793D2272B55100160BE7 /* Resources */,
			);
			buildRules = (
			);
			dependencies = (
			);
			name = IosComponentDemo;
			productName = IosComponentDemo;
			productReference = 4C4C793F2272B55100160BE7 /* IosComponentDemo.app */;
			productType = "com.apple.product-type.application";
		};
		4C4C79562272B55300160BE7 /* IosComponentDemoTests */ = {
			isa = PBXNativeTarget;
			buildConfigurationList = 4C4C796E2272B55300160BE7 /* Build configuration list for PBXNativeTarget "IosComponentDemoTests" */;
			buildPhases = (
				6A41D8E6BC2E478E99E69A1C /* [CP] Check Pods Manifest.lock */,
				4C4C79532272B55300160BE7 /* Sources */,
				4C4C79542272B55300160BE7 /* Frameworks */,
				4C4C79552272B55300160BE7 /* Resources */,
			);
			buildRules = (
			);
			dependencies = (
				4C4C79592272B55300160BE7 /* PBXTargetDependency */,
			);
			name = IosComponentDemoTests;
			productName = IosComponentDemoTests;
			productReference = 4C4C79572272B55300160BE7 /* IosComponentDemoTests.xctest */;
			productType = "com.apple.product-type.bundle.unit-test";
		};
		4C4C79612272B55300160BE7 /* IosComponentDemoUITests */ = {
			isa = PBXNativeTarget;
			buildConfigurationList = 4C4C79712272B55300160BE7 /* Build configuration list for PBXNativeTarget "IosComponentDemoUITests" */;
			buildPhases = (
				396F439F57541D180260AAD6 /* [CP] Check Pods Manifest.lock */,
				4C4C795E2272B55300160BE7 /* Sources */,
				4C4C795F2272B55300160BE7 /* Frameworks */,
				4C4C79602272B55300160BE7 /* Resources */,
			);
			buildRules = (
			);
			dependencies = (
				4C4C79642272B55300160BE7 /* PBXTargetDependency */,
			);
			name = IosComponentDemoUITests;
			productName = IosComponentDemoUITests;
			productReference = 4C4C79622272B55300160BE7 /* IosComponentDemoUITests.xctest */;
			productType = "com.apple.product-type.bundle.ui-testing";
		};
/* End PBXNativeTarget section */

/* Begin PBXProject section */
		4C4C79372272B55100160BE7 /* Project object */ = {
			isa = PBXProject;
			attributes = {
				LastUpgradeCheck = 0940;
				ORGANIZATIONNAME = steven;
				TargetAttributes = {
					4C4C793E2272B55100160BE7 = {
						CreatedOnToolsVersion = 9.4.1;
					};
					4C4C79562272B55300160BE7 = {
						CreatedOnToolsVersion = 9.4.1;
						TestTargetID = 4C4C793E2272B55100160BE7;
					};
					4C4C79612272B55300160BE7 = {
						CreatedOnToolsVersion = 9.4.1;
						TestTargetID = 4C4C793E2272B55100160BE7;
					};
				};
			};
			buildConfigurationList = 4C4C793A2272B55100160BE7 /* Build configuration list for PBXProject "IosComponentDemo" */;
			compatibilityVersion = "Xcode 9.3";
			developmentRegion = en;
			hasScannedForEncodings = 0;
			knownRegions = (
				en,
				Base,
			);
			mainGroup = 4C4C79362272B55100160BE7;
			productRefGroup = 4C4C79402272B55100160BE7 /* Products */;
			projectDirPath = "";
			projectRoot = "";
			targets = (
				4C4C793E2272B55100160BE7 /* IosComponentDemo */,
				4C4C79562272B55300160BE7 /* IosComponentDemoTests */,
				4C4C79612272B55300160BE7 /* IosComponentDemoUITests */,
			);
		};
/* End PBXProject section */

/* Begin PBXResourcesBuildPhase section */
		4C4C793D2272B55100160BE7 /* Resources */ = {
			isa = PBXResourcesBuildPhase;
			buildActionMask = 2147483647;
			files = (
				4C4C794F2272B55300160BE7 /* LaunchScreen.storyboard in Resources */,
				4C4C794C2272B55300160BE7 /* Assets.xcassets in Resources */,
				4C4C794A2272B55100160BE7 /* Main.storyboard in Resources */,
			);
			runOnlyForDeploymentPostprocessing = 0;
		};
		4C4C79552272B55300160BE7 /* Resources */ = {
			isa = PBXResourcesBuildPhase;
			buildActionMask = 2147483647;
			files = (
			);
			runOnlyForDeploymentPostprocessing = 0;
		};
		4C4C79602272B55300160BE7 /* Resources */ = {
			isa = PBXResourcesBuildPhase;
			buildActionMask = 2147483647;
			files = (
			);
			runOnlyForDeploymentPostprocessing = 0;
		};
/* End PBXResourcesBuildPhase section */

/* Begin PBXShellScriptBuildPhase section */
		396F439F57541D180260AAD6 /* [CP] Check Pods Manifest.lock */ = {
			isa = PBXShellScriptBuildPhase;
			buildActionMask = 2147483647;
			files = (
			);
			inputPaths = (
				"${PODS_PODFILE_DIR_PATH}/Podfile.lock",
				"${PODS_ROOT}/Manifest.lock",
			);
			name = "[CP] Check Pods Manifest.lock";
			outputPaths = (
				"$(DERIVED_FILE_DIR)/Pods-IosComponentDemoUITests-checkManifestLockResult.txt",
			);
			runOnlyForDeploymentPostprocessing = 0;
			shellPath = /bin/sh;
			shellScript = "diff \"${PODS_PODFILE_DIR_PATH}/Podfile.lock\" \"${PODS_ROOT}/Manifest.lock\" > /dev/null\nif [ $? != 0 ] ; then\n    # print error to STDERR\n    echo \"error: The sandbox is not in sync with the Podfile.lock. Run 'pod install' or update your CocoaPods installation.\" >&2\n    exit 1\nfi\n# This output is used by Xcode 'outputs' to avoid re-running this script phase.\necho \"SUCCESS\" > \"${SCRIPT_OUTPUT_FILE_0}\"\n";
			showEnvVarsInLog = 0;
		};
		6A41D8E6BC2E478E99E69A1C /* [CP] Check Pods Manifest.lock */ = {
			isa = PBXShellScriptBuildPhase;
			buildActionMask = 2147483647;
			files = (
			);
			inputPaths = (
				"${PODS_PODFILE_DIR_PATH}/Podfile.lock",
				"${PODS_ROOT}/Manifest.lock",
			);
			name = "[CP] Check Pods Manifest.lock";
			outputPaths = (
				"$(DERIVED_FILE_DIR)/Pods-IosComponentDemoTests-checkManifestLockResult.txt",
			);
			runOnlyForDeploymentPostprocessing = 0;
			shellPath = /bin/sh;
			shellScript = "diff \"${PODS_PODFILE_DIR_PATH}/Podfile.lock\" \"${PODS_ROOT}/Manifest.lock\" > /dev/null\nif [ $? != 0 ] ; then\n    # print error to STDERR\n    echo \"error: The sandbox is not in sync with the Podfile.lock. Run 'pod install' or update your CocoaPods installation.\" >&2\n    exit 1\nfi\n# This output is used by Xcode 'outputs' to avoid re-running this script phase.\necho \"SUCCESS\" > \"${SCRIPT_OUTPUT_FILE_0}\"\n";
			showEnvVarsInLog = 0;
		};
		6F8C7465A39973E72E3B0EE4 /* [CP] Check Pods Manifest.lock */ = {
			isa = PBXShellScriptBuildPhase;
			buildActionMask = 2147483647;
			files = (
			);
			inputPaths = (
				"${PODS_PODFILE_DIR_PATH}/Podfile.lock",
				"${PODS_ROOT}/Manifest.lock",
			);
			name = "[CP] Check Pods Manifest.lock";
			outputPaths = (
				"$(DERIVED_FILE_DIR)/Pods-IosComponentDemo-checkManifestLockResult.txt",
			);
			runOnlyForDeploymentPostprocessing = 0;
			shellPath = /bin/sh;
			shellScript = "diff \"${PODS_PODFILE_DIR_PATH}/Podfile.lock\" \"${PODS_ROOT}/Manifest.lock\" > /dev/null\nif [ $? != 0 ] ; then\n    # print error to STDERR\n    echo \"error: The sandbox is not in sync with the Podfile.lock. Run 'pod install' or update your CocoaPods installation.\" >&2\n    exit 1\nfi\n# This output is used by Xcode 'outputs' to avoid re-running this script phase.\necho \"SUCCESS\" > \"${SCRIPT_OUTPUT_FILE_0}\"\n";
			showEnvVarsInLog = 0;
		};
/* End PBXShellScriptBuildPhase section */

/* Begin PBXSourcesBuildPhase section */
		4C4C793B2272B55100160BE7 /* Sources */ = {
			isa = PBXSourcesBuildPhase;
			buildActionMask = 2147483647;
			files = (
				4C4C79472272B55100160BE7 /* ViewController.m in Sources */,
				4C4C79522272B55300160BE7 /* main.m in Sources */,
				4C4C79772272CAAD00160BE7 /* HQNetworking.m in Sources */,
				4C4C79442272B55100160BE7 /* AppDelegate.m in Sources */,
			);
			runOnlyForDeploymentPostprocessing = 0;
		};
		4C4C79532272B55300160BE7 /* Sources */ = {
			isa = PBXSourcesBuildPhase;
			buildActionMask = 2147483647;
			files = (
				4C4C795C2272B55300160BE7 /* IosComponentDemoTests.m in Sources */,
			);
			runOnlyForDeploymentPostprocessing = 0;
		};
		4C4C795E2272B55300160BE7 /* Sources */ = {
			isa = PBXSourcesBuildPhase;
			buildActionMask = 2147483647;
			files = (
				4C4C79672272B55300160BE7 /* IosComponentDemoUITests.m in Sources */,
			);
			runOnlyForDeploymentPostprocessing = 0;
		};
/* End PBXSourcesBuildPhase section */

/* Begin PBXTargetDependency section */
		4C4C79592272B55300160BE7 /* PBXTargetDependency */ = {
			isa = PBXTargetDependency;
			target = 4C4C793E2272B55100160BE7 /* IosComponentDemo */;
			targetProxy = 4C4C79582272B55300160BE7 /* PBXContainerItemProxy */;
		};
		4C4C79642272B55300160BE7 /* PBXTargetDependency */ = {
			isa = PBXTargetDependency;
			target = 4C4C793E2272B55100160BE7 /* IosComponentDemo */;
			targetProxy = 4C4C79632272B55300160BE7 /* PBXContainerItemProxy */;
		};
/* End PBXTargetDependency section */

/* Begin PBXVariantGroup section */
		4C4C79482272B55100160BE7 /* Main.storyboard */ = {
			isa = PBXVariantGroup;
			children = (
				4C4C79492272B55100160BE7 /* Base */,
			);
			name = Main.storyboard;
			sourceTree = "<group>";
		};
		4C4C794D2272B55300160BE7 /* LaunchScreen.storyboard */ = {
			isa = PBXVariantGroup;
			children = (
				4C4C794E2272B55300160BE7 /* Base */,
			);
			name = LaunchScreen.storyboard;
			sourceTree = "<group>";
		};
/* End PBXVariantGroup section */

/* Begin XCBuildConfiguration section */
		4C4C79692272B55300160BE7 /* Debug */ = {
			isa = XCBuildConfiguration;
			buildSettings = {
				ALWAYS_SEARCH_USER_PATHS = NO;
				CLANG_ANALYZER_NONNULL = YES;
				CLANG_ANALYZER_NUMBER_OBJECT_CONVERSION = YES_AGGRESSIVE;
				CLANG_CXX_LANGUAGE_STANDARD = "gnu++14";
				CLANG_CXX_LIBRARY = "libc++";
				CLANG_ENABLE_MODULES = YES;
				CLANG_ENABLE_OBJC_ARC = YES;
				CLANG_ENABLE_OBJC_WEAK = YES;
				CLANG_WARN_BLOCK_CAPTURE_AUTORELEASING = YES;
				CLANG_WARN_BOOL_CONVERSION = YES;
				CLANG_WARN_COMMA = YES;
				CLANG_WARN_CONSTANT_CONVERSION = YES;
				CLANG_WARN_DEPRECATED_OBJC_IMPLEMENTATIONS = YES;
				CLANG_WARN_DIRECT_OBJC_ISA_USAGE = YES_ERROR;
				CLANG_WARN_DOCUMENTATION_COMMENTS = YES;
				CLANG_WARN_EMPTY_BODY = YES;
				CLANG_WARN_ENUM_CONVERSION = YES;
				CLANG_WARN_INFINITE_RECURSION = YES;
				CLANG_WARN_INT_CONVERSION = YES;
				CLANG_WARN_NON_LITERAL_NULL_CONVERSION = YES;
				CLANG_WARN_OBJC_IMPLICIT_RETAIN_SELF = YES;
				CLANG_WARN_OBJC_LITERAL_CONVERSION = YES;
				CLANG_WARN_OBJC_ROOT_CLASS = YES_ERROR;
				CLANG_WARN_RANGE_LOOP_ANALYSIS = YES;
				CLANG_WARN_STRICT_PROTOTYPES = YES;
				CLANG_WARN_SUSPICIOUS_MOVE = YES;
				CLANG_WARN_UNGUARDED_AVAILABILITY = YES_AGGRESSIVE;
				CLANG_WARN_UNREACHABLE_CODE = YES;
				CLANG_WARN__DUPLICATE_METHOD_MATCH = YES;
				CODE_SIGN_IDENTITY = "iPhone Developer";
				COPY_PHASE_STRIP = NO;
				DEBUG_INFORMATION_FORMAT = dwarf;
				ENABLE_STRICT_OBJC_MSGSEND = YES;
				ENABLE_TESTABILITY = YES;
				GCC_C_LANGUAGE_STANDARD = gnu11;
				GCC_DYNAMIC_NO_PIC = NO;
				GCC_NO_COMMON_BLOCKS = YES;
				GCC_OPTIMIZATION_LEVEL = 0;
				GCC_PREPROCESSOR_DEFINITIONS = (
					"DEBUG=1",
					"$(inherited)",
				);
				GCC_WARN_64_TO_32_BIT_CONVERSION = YES;
				GCC_WARN_ABOUT_RETURN_TYPE = YES_ERROR;
				GCC_WARN_UNDECLARED_SELECTOR = YES;
				GCC_WARN_UNINITIALIZED_AUTOS = YES_AGGRESSIVE;
				GCC_WARN_UNUSED_FUNCTION = YES;
				GCC_WARN_UNUSED_VARIABLE = YES;
				IPHONEOS_DEPLOYMENT_TARGET = 11.4;
				MTL_ENABLE_DEBUG_INFO = YES;
				ONLY_ACTIVE_ARCH = YES;
				SDKROOT = iphoneos;
			};
			name = Debug;
		};
		4C4C796A2272B55300160BE7 /* Release */ = {
			isa = XCBuildConfiguration;
			buildSettings = {
				ALWAYS_SEARCH_USER_PATHS = NO;
				CLANG_ANALYZER_NONNULL = YES;
				CLANG_ANALYZER_NUMBER_OBJECT_CONVERSION = YES_AGGRESSIVE;
				CLANG_CXX_LANGUAGE_STANDARD = "gnu++14";
				CLANG_CXX_LIBRARY = "libc++";
				CLANG_ENABLE_MODULES = YES;
				CLANG_ENABLE_OBJC_ARC = YES;
				CLANG_ENABLE_OBJC_WEAK = YES;
				CLANG_WARN_BLOCK_CAPTURE_AUTORELEASING = YES;
				CLANG_WARN_BOOL_CONVERSION = YES;
				CLANG_WARN_COMMA = YES;
				CLANG_WARN_CONSTANT_CONVERSION = YES;
				CLANG_WARN_DEPRECATED_OBJC_IMPLEMENTATIONS = YES;
				CLANG_WARN_DIRECT_OBJC_ISA_USAGE = YES_ERROR;
				CLANG_WARN_DOCUMENTATION_COMMENTS = YES;
				CLANG_WARN_EMPTY_BODY = YES;
				CLANG_WARN_ENUM_CONVERSION = YES;
				CLANG_WARN_INFINITE_RECURSION = YES;
				CLANG_WARN_INT_CONVERSION = YES;
				CLANG_WARN_NON_LITERAL_NULL_CONVERSION = YES;
				CLANG_WARN_OBJC_IMPLICIT_RETAIN_SELF = YES;
				CLANG_WARN_OBJC_LITERAL_CONVERSION = YES;
				CLANG_WARN_OBJC_ROOT_CLASS = YES_ERROR;
				CLANG_WARN_RANGE_LOOP_ANALYSIS = YES;
				CLANG_WARN_STRICT_PROTOTYPES = YES;
				CLANG_WARN_SUSPICIOUS_MOVE = YES;
				CLANG_WARN_UNGUARDED_AVAILABILITY = YES_AGGRESSIVE;
				CLANG_WARN_UNREACHABLE_CODE = YES;
				CLANG_WARN__DUPLICATE_METHOD_MATCH = YES;
				CODE_SIGN_IDENTITY = "iPhone Developer";
				COPY_PHASE_STRIP = NO;
				DEBUG_INFORMATION_FORMAT = "dwarf-with-dsym";
				ENABLE_NS_ASSERTIONS = NO;
				ENABLE_STRICT_OBJC_MSGSEND = YES;
				GCC_C_LANGUAGE_STANDARD = gnu11;
				GCC_NO_COMMON_BLOCKS = YES;
				GCC_WARN_64_TO_32_BIT_CONVERSION = YES;
				GCC_WARN_ABOUT_RETURN_TYPE = YES_ERROR;
				GCC_WARN_UNDECLARED_SELECTOR = YES;
				GCC_WARN_UNINITIALIZED_AUTOS = YES_AGGRESSIVE;
				GCC_WARN_UNUSED_FUNCTION = YES;
				GCC_WARN_UNUSED_VARIABLE = YES;
				IPHONEOS_DEPLOYMENT_TARGET = 11.4;
				MTL_ENABLE_DEBUG_INFO = NO;
				SDKROOT = iphoneos;
				VALIDATE_PRODUCT = YES;
			};
			name = Release;
		};
		4C4C796C2272B55300160BE7 /* Debug */ = {
			isa = XCBuildConfiguration;
			baseConfigurationReference = D2CF79FBA284EBA1D6CCFD2B /* Pods-IosComponentDemo.debug.xcconfig */;
			buildSettings = {
				ASSETCATALOG_COMPILER_APPICON_NAME = AppIcon;
				CODE_SIGN_STYLE = Automatic;
				DEVELOPMENT_TEAM = G572JWJ2F2;
				INFOPLIST_FILE = IosComponentDemo/Info.plist;
				IPHONEOS_DEPLOYMENT_TARGET = 9.0;
				LD_RUNPATH_SEARCH_PATHS = (
					"$(inherited)",
					"@executable_path/Frameworks",
				);
				PRODUCT_BUNDLE_IDENTIFIER = com.steven.module.IosComponentDemo;
				PRODUCT_NAME = "$(TARGET_NAME)";
				TARGETED_DEVICE_FAMILY = "1,2";
			};
			name = Debug;
		};
		4C4C796D2272B55300160BE7 /* Release */ = {
			isa = XCBuildConfiguration;
			baseConfigurationReference = 382B19CD35796F2CA4F5AD90 /* Pods-IosComponentDemo.release.xcconfig */;
			buildSettings = {
				ASSETCATALOG_COMPILER_APPICON_NAME = AppIcon;
				CODE_SIGN_STYLE = Automatic;
				DEVELOPMENT_TEAM = G572JWJ2F2;
				INFOPLIST_FILE = IosComponentDemo/Info.plist;
				IPHONEOS_DEPLOYMENT_TARGET = 9.0;
				LD_RUNPATH_SEARCH_PATHS = (
					"$(inherited)",
					"@executable_path/Frameworks",
				);
				PRODUCT_BUNDLE_IDENTIFIER = com.steven.module.IosComponentDemo;
				PRODUCT_NAME = "$(TARGET_NAME)";
				TARGETED_DEVICE_FAMILY = "1,2";
			};
			name = Release;
		};
		4C4C796F2272B55300160BE7 /* Debug */ = {
			isa = XCBuildConfiguration;
			baseConfigurationReference = F390E0BA5F4A358EA25396F2 /* Pods-IosComponentDemoTests.debug.xcconfig */;
			buildSettings = {
				BUNDLE_LOADER = "$(TEST_HOST)";
				CODE_SIGN_STYLE = Automatic;
				DEVELOPMENT_TEAM = G572JWJ2F2;
				INFOPLIST_FILE = IosComponentDemoTests/Info.plist;
				LD_RUNPATH_SEARCH_PATHS = (
					"$(inherited)",
					"@executable_path/Frameworks",
					"@loader_path/Frameworks",
				);
				PRODUCT_BUNDLE_IDENTIFIER = com.steven.module.IosComponentDemoTests;
				PRODUCT_NAME = "$(TARGET_NAME)";
				TARGETED_DEVICE_FAMILY = "1,2";
				TEST_HOST = "$(BUILT_PRODUCTS_DIR)/IosComponentDemo.app/IosComponentDemo";
			};
			name = Debug;
		};
		4C4C79702272B55300160BE7 /* Release */ = {
			isa = XCBuildConfiguration;
			baseConfigurationReference = 73B1E925B843DB3B5BEA551C /* Pods-IosComponentDemoTests.release.xcconfig */;
			buildSettings = {
				BUNDLE_LOADER = "$(TEST_HOST)";
				CODE_SIGN_STYLE = Automatic;
				DEVELOPMENT_TEAM = G572JWJ2F2;
				INFOPLIST_FILE = IosComponentDemoTests/Info.plist;
				LD_RUNPATH_SEARCH_PATHS = (
					"$(inherited)",
					"@executable_path/Frameworks",
					"@loader_path/Frameworks",
				);
				PRODUCT_BUNDLE_IDENTIFIER = com.steven.module.IosComponentDemoTests;
				PRODUCT_NAME = "$(TARGET_NAME)";
				TARGETED_DEVICE_FAMILY = "1,2";
				TEST_HOST = "$(BUILT_PRODUCTS_DIR)/IosComponentDemo.app/IosComponentDemo";
			};
			name = Release;
		};
		4C4C79722272B55300160BE7 /* Debug */ = {
			isa = XCBuildConfiguration;
			baseConfigurationReference = 142F71FE274EBB7B7EE1DE25 /* Pods-IosComponentDemoUITests.debug.xcconfig */;
			buildSettings = {
				CODE_SIGN_STYLE = Automatic;
				DEVELOPMENT_TEAM = G572JWJ2F2;
				INFOPLIST_FILE = IosComponentDemoUITests/Info.plist;
				LD_RUNPATH_SEARCH_PATHS = (
					"$(inherited)",
					"@executable_path/Frameworks",
					"@loader_path/Frameworks",
				);
				PRODUCT_BUNDLE_IDENTIFIER = com.steven.module.IosComponentDemoUITests;
				PRODUCT_NAME = "$(TARGET_NAME)";
				TARGETED_DEVICE_FAMILY = "1,2";
				TEST_TARGET_NAME = IosComponentDemo;
			};
			name = Debug;
		};
		4C4C79732272B55300160BE7 /* Release */ = {
			isa = XCBuildConfiguration;
			baseConfigurationReference = 7156E1028B3A9BF02596CC93 /* Pods-IosComponentDemoUITests.release.xcconfig */;
			buildSettings = {
				CODE_SIGN_STYLE = Automatic;
				DEVELOPMENT_TEAM = G572JWJ2F2;
				INFOPLIST_FILE = IosComponentDemoUITests/Info.plist;
				LD_RUNPATH_SEARCH_PATHS = (
					"$(inherited)",
					"@executable_path/Frameworks",
					"@loader_path/Frameworks",
				);
				PRODUCT_BUNDLE_IDENTIFIER = com.steven.module.IosComponentDemoUITests;
				PRODUCT_NAME = "$(TARGET_NAME)";
				TARGETED_DEVICE_FAMILY = "1,2";
				TEST_TARGET_NAME = IosComponentDemo;
			};
			name = Release;
		};
/* End XCBuildConfiguration section */

/* Begin XCConfigurationList section */
		4C4C793A2272B55100160BE7 /* Build configuration list for PBXProject "IosComponentDemo" */ = {
			isa = XCConfigurationList;
			buildConfigurations = (
				4C4C79692272B55300160BE7 /* Debug */,
				4C4C796A2272B55300160BE7 /* Release */,
			);
			defaultConfigurationIsVisible = 0;
			defaultConfigurationName = Release;
		};
		4C4C796B2272B55300160BE7 /* Build configuration list for PBXNativeTarget "IosComponentDemo" */ = {
			isa = XCConfigurationList;
			buildConfigurations = (
				4C4C796C2272B55300160BE7 /* Debug */,
				4C4C796D2272B55300160BE7 /* Release */,
			);
			defaultConfigurationIsVisible = 0;
			defaultConfigurationName = Release;
		};
		4C4C796E2272B55300160BE7 /* Build configuration list for PBXNativeTarget "IosComponentDemoTests" */ = {
			isa = XCConfigurationList;
			buildConfigurations = (
				4C4C796F2272B55300160BE7 /* Debug */,
				4C4C79702272B55300160BE7 /* Release */,
			);
			defaultConfigurationIsVisible = 0;
			defaultConfigurationName = Release;
		};
		4C4C79712272B55300160BE7 /* Build configuration list for PBXNativeTarget "IosComponentDemoUITests" */ = {
			isa = XCConfigurationList;
			buildConfigurations = (
				4C4C79722272B55300160BE7 /* Debug */,
				4C4C79732272B55300160BE7 /* Release */,
			);
			defaultConfigurationIsVisible = 0;
			defaultConfigurationName = Release;
		};
/* End XCConfigurationList section */
	};
	rootObject = 4C4C79372272B55100160BE7 /* Project object */;
}
